# This file is automatically @generated by Cargo.
# It is not intended for manual editing.
version = 3

[[package]]
name = "qiish"
version = "0.1.0"
dependencies = [
 "qiish-argparse",
]

[[package]]
name = "qiish-argparse"
version = "0.1.0"
source = "git+https://github.com/ardaku/qiish-argparse#7bb296b79f154bf50c7ffc47c7514ce849fbcbea"
